
Microsoft Visual Studio Solution File, Format Version 12.00
# Visual Studio Version 17
VisualStudioVersion = 17.10.35027.167
MinimumVisualStudioVersion = 10.0.40219.1
Project("{FAE04EC0-301F-11D3-BF4B-00C04F79EFBC}") = "UsuariosApi", "UsuariosApi\UsuariosApi.csproj", "{26FE3277-EDB6-4B3B-9723-73C304E98B63}"
EndProject
Global
	GlobalSection(SolutionConfigurationPlatforms) = preSolution
		Debug|Any CPU = Debug|Any CPU
		Release|Any CPU = Release|Any CPU
	EndGlobalSection
	GlobalSection(ProjectConfigurationPlatforms) = postSolution
		{26FE3277-EDB6-4B3B-9723-73C304E98B63}.Debug|Any CPU.ActiveCfg = Debug|Any CPU
		{26FE3277-EDB6-4B3B-9723-73C304E98B63}.Debug|Any CPU.Build.0 = Debug|Any CPU
		{26FE3277-EDB6-4B3B-9723-73C304E98B63}.Release|Any CPU.ActiveCfg = Release|Any CPU
		{26FE3277-EDB6-4B3B-9723-73C304E98B63}.Release|Any CPU.Build.0 = Release|Any CPU
	EndGlobalSection
	GlobalSection(SolutionProperties) = preSolution
		HideSolutionNode = FALSE
	EndGlobalSection
	GlobalSection(ExtensibilityGlobals) = postSolution
		SolutionGuid = {88743E99-52C2-4F3F-81CC-466871CE8CC5}
	EndGlobalSection
EndGlobal
